
Microsoft Visual Studio Solution File, Format Version 12.00
# Visual Studio 15
VisualStudioVersion = 15.0.28307.902
MinimumVisualStudioVersion = 10.0.40219.1
Project("{FAE04EC0-301F-11D3-BF4B-00C04F79EFBC}") = "arduino", "arduino\arduino.csproj", "{4F9276EF-DC91-42B6-A3A7-CFABFAE099FB}"
EndProject
Global
	GlobalSection(SolutionConfigurationPlatforms) = preSolution
		Debug|Any CPU = Debug|Any CPU
		Release|Any CPU = Release|Any CPU
	EndGlobalSection
	GlobalSection(ProjectConfigurationPlatforms) = postSolution
		{4F9276EF-DC91-42B6-A3A7-CFABFAE099FB}.Debug|Any CPU.ActiveCfg = Debug|Any CPU
		{4F9276EF-DC91-42B6-A3A7-CFABFAE099FB}.Debug|Any CPU.Build.0 = Debug|Any CPU
		{4F9276EF-DC91-42B6-A3A7-CFABFAE099FB}.Release|Any CPU.ActiveCfg = Release|Any CPU
		{4F9276EF-DC91-42B6-A3A7-CFABFAE099FB}.Release|Any CPU.Build.0 = Release|Any CPU
	EndGlobalSection
	GlobalSection(SolutionProperties) = preSolution
		HideSolutionNode = FALSE
	EndGlobalSection
	GlobalSection(ExtensibilityGlobals) = postSolution
		SolutionGuid = {CF8F531C-B9EF-46CC-AE16-F15B979F0594}
	EndGlobalSection
EndGlobal
